// !$*UTF8*$!
{
	archiveVersion = 1;
	classes = {
	};
	objectVersion = 46;
	objects = {

/* Begin PBXBuildFile section */
		49D02B611AF0025F009EB689 /* AppDelegate.swift in Sources */ = {isa = PBXBuildFile; fileRef = 49D02B601AF0025F009EB689 /* AppDelegate.swift */; };
		49D02B631AF0025F009EB689 /* Images.xcassets in Resources */ = {isa = PBXBuildFile; fileRef = 49D02B621AF0025F009EB689 /* Images.xcassets */; };
		49D02B661AF0025F009EB689 /* MainMenu.xib in Resources */ = {isa = PBXBuildFile; fileRef = 49D02B641AF0025F009EB689 /* MainMenu.xib */; };
		49D02B721AF0025F009EB689 /* RandomPasswordTests.swift in Sources */ = {isa = PBXBuildFile; fileRef = 49D02B711AF0025F009EB689 /* RandomPasswordTests.swift */; };
		49D02B7D1AF003C2009EB689 /* MainWindowController.swift in Sources */ = {isa = PBXBuildFile; fileRef = 49D02B7B1AF003C2009EB689 /* MainWindowController.swift */; };
		49D02B7E1AF003C2009EB689 /* MainWindowController.xib in Resources */ = {isa = PBXBuildFile; fileRef = 49D02B7C1AF003C2009EB689 /* MainWindowController.xib */; };
		49D67E361AF0A89800DAF559 /* GeneratePassword.swift in Sources */ = {isa = PBXBuildFile; fileRef = 49D67E351AF0A89800DAF559 /* GeneratePassword.swift */; };
/* End PBXBuildFile section */

/* Begin PBXContainerItemProxy section */
		49D02B6C1AF0025F009EB689 /* PBXContainerItemProxy */ = {
			isa = PBXContainerItemProxy;
			containerPortal = 49D02B531AF0025F009EB689 /* Project object */;
			proxyType = 1;
			remoteGlobalIDString = 49D02B5A1AF0025F009EB689;
			remoteInfo = RandomPassword;
		};
/* End PBXContainerItemProxy section */

/* Begin PBXFileReference section */
		49D02B5B1AF0025F009EB689 /* RandomPassword.app */ = {isa = PBXFileReference; explicitFileType = wrapper.application; includeInIndex = 0; path = RandomPassword.app; sourceTree = BUILT_PRODUCTS_DIR; };
		49D02B5F1AF0025F009EB689 /* Info.plist */ = {isa = PBXFileReference; lastKnownFileType = text.plist.xml; path = Info.plist; sourceTree = "<group>"; };
		49D02B601AF0025F009EB689 /* AppDelegate.swift */ = {isa = PBXFileReference; lastKnownFileType = sourcecode.swift; path = AppDelegate.swift; sourceTree = "<group>"; };
		49D02B621AF0025F009EB689 /* Images.xcassets */ = {isa = PBXFileReference; lastKnownFileType = folder.assetcatalog; path = Images.xcassets; sourceTree = "<group>"; };
		49D02B651AF0025F009EB689 /* Base */ = {isa = PBXFileReference; lastKnownFileType = file.xib; name = Base; path = Base.lproj/MainMenu.xib; sourceTree = "<group>"; };
		49D02B6B1AF0025F009EB689 /* RandomPasswordTests.xctest */ = {isa = PBXFileReference; explicitFileType = wrapper.cfbundle; includeInIndex = 0; path = RandomPasswordTests.xctest; sourceTree = BUILT_PRODUCTS_DIR; };
		49D02B701AF0025F009EB689 /* Info.plist */ = {isa = PBXFileReference; lastKnownFileType = text.plist.xml; path = Info.plist; sourceTree = "<group>"; };
		49D02B711AF0025F009EB689 /* RandomPasswordTests.swift */ = {isa = PBXFileReference; lastKnownFileType = sourcecode.swift; path = RandomPasswordTests.swift; sourceTree = "<group>"; };
		49D02B7B1AF003C2009EB689 /* MainWindowController.swift */ = {isa = PBXFileReference; fileEncoding = 4; lastKnownFileType = sourcecode.swift; path = MainWindowController.swift; sourceTree = "<group>"; };
		49D02B7C1AF003C2009EB689 /* MainWindowController.xib */ = {isa = PBXFileReference; fileEncoding = 4; lastKnownFileType = file.xib; path = MainWindowController.xib; sourceTree = "<group>"; };
		49D67E351AF0A89800DAF559 /* GeneratePassword.swift */ = {isa = PBXFileReference; fileEncoding = 4; lastKnownFileType = sourcecode.swift; path = GeneratePassword.swift; sourceTree = "<group>"; };
/* End PBXFileReference section */

/* Begin PBXFrameworksBuildPhase section */
		49D02B581AF0025F009EB689 /* Frameworks */ = {
			isa = PBXFrameworksBuildPhase;
			buildActionMask = 2147483647;
			files = (
			);
			runOnlyForDeploymentPostprocessing = 0;
		};
		49D02B681AF0025F009EB689 /* Frameworks */ = {
			isa = PBXFrameworksBuildPhase;
			buildActionMask = 2147483647;
			files = (
			);
			runOnlyForDeploymentPostprocessing = 0;
		};
/* End PBXFrameworksBuildPhase section */

/* Begin PBXGroup section */
		49D02B521AF0025F009EB689 = {
			isa = PBXGroup;
			children = (
				49D02B5D1AF0025F009EB689 /* RandomPassword */,
				49D02B6E1AF0025F009EB689 /* RandomPasswordTests */,
				49D02B5C1AF0025F009EB689 /* Products */,
			);
			sourceTree = "<group>";
		};
		49D02B5C1AF0025F009EB689 /* Products */ = {
			isa = PBXGroup;
			children = (
				49D02B5B1AF0025F009EB689 /* RandomPassword.app */,
				49D02B6B1AF0025F009EB689 /* RandomPasswordTests.xctest */,
			);
			name = Products;
			sourceTree = "<group>";
		};
		49D02B5D1AF0025F009EB689 /* RandomPassword */ = {
			isa = PBXGroup;
			children = (
				49D02B601AF0025F009EB689 /* AppDelegate.swift */,
				49D02B621AF0025F009EB689 /* Images.xcassets */,
				49D02B641AF0025F009EB689 /* MainMenu.xib */,
				49D02B5E1AF0025F009EB689 /* Supporting Files */,
				49D02B7B1AF003C2009EB689 /* MainWindowController.swift */,
				49D02B7C1AF003C2009EB689 /* MainWindowController.xib */,
				49D67E351AF0A89800DAF559 /* GeneratePassword.swift */,
			);
			path = RandomPassword;
			sourceTree = "<group>";
		};
		49D02B5E1AF0025F009EB689 /* Supporting Files */ = {
			isa = PBXGroup;
			children = (
				49D02B5F1AF0025F009EB689 /* Info.plist */,
			);
			name = "Supporting Files";
			sourceTree = "<group>";
		};
		49D02B6E1AF0025F009EB689 /* RandomPasswordTests */ = {
			isa = PBXGroup;
			children = (
				49D02B711AF0025F009EB689 /* RandomPasswordTests.swift */,
				49D02B6F1AF0025F009EB689 /* Supporting Files */,
			);
			path = RandomPasswordTests;
			sourceTree = "<group>";
		};
		49D02B6F1AF0025F009EB689 /* Supporting Files */ = {
			isa = PBXGroup;
			children = (
				49D02B701AF0025F009EB689 /* Info.plist */,
			);
			name = "Supporting Files";
			sourceTree = "<group>";
		};
/* End PBXGroup section */

/* Begin PBXNativeTarget section */
		49D02B5A1AF0025F009EB689 /* RandomPassword */ = {
			isa = PBXNativeTarget;
			buildConfigurationList = 49D02B751AF0025F009EB689 /* Build configuration list for PBXNativeTarget "RandomPassword" */;
			buildPhases = (
				49D02B571AF0025F009EB689 /* Sources */,
				49D02B581AF0025F009EB689 /* Frameworks */,
				49D02B591AF0025F009EB689 /* Resources */,
			);
			buildRules = (
			);
			dependencies = (
			);
			name = RandomPassword;
			productName = RandomPassword;
			productReference = 49D02B5B1AF0025F009EB689 /* RandomPassword.app */;
			productType = "com.apple.product-type.application";
		};
		49D02B6A1AF0025F009EB689 /* RandomPasswordTests */ = {
			isa = PBXNativeTarget;
			buildConfigurationList = 49D02B781AF0025F009EB689 /* Build configuration list for PBXNativeTarget "RandomPasswordTests" */;
			buildPhases = (
				49D02B671AF0025F009EB689 /* Sources */,
				49D02B681AF0025F009EB689 /* Frameworks */,
				49D02B691AF0025F009EB689 /* Resources */,
			);
			buildRules = (
			);
			dependencies = (
				49D02B6D1AF0025F009EB689 /* PBXTargetDependency */,
			);
			name = RandomPasswordTests;
			productName = RandomPasswordTests;
			productReference = 49D02B6B1AF0025F009EB689 /* RandomPasswordTests.xctest */;
			productType = "com.apple.product-type.bundle.unit-test";
		};
/* End PBXNativeTarget section */

/* Begin PBXProject section */
		49D02B531AF0025F009EB689 /* Project object */ = {
			isa = PBXProject;
			attributes = {
				LastUpgradeCheck = 0630;
				ORGANIZATIONNAME = "Bas Broek";
				TargetAttributes = {
					49D02B5A1AF0025F009EB689 = {
						CreatedOnToolsVersion = 6.3.1;
					};
					49D02B6A1AF0025F009EB689 = {
						CreatedOnToolsVersion = 6.3.1;
						TestTargetID = 49D02B5A1AF0025F009EB689;
					};
				};
			};
			buildConfigurationList = 49D02B561AF0025F009EB689 /* Build configuration list for PBXProject "RandomPassword" */;
			compatibilityVersion = "Xcode 3.2";
			developmentRegion = English;
			hasScannedForEncodings = 0;
			knownRegions = (
				en,
				Base,
			);
			mainGroup = 49D02B521AF0025F009EB689;
			productRefGroup = 49D02B5C1AF0025F009EB689 /* Products */;
			projectDirPath = "";
			projectRoot = "";
			targets = (
				49D02B5A1AF0025F009EB689 /* RandomPassword */,
				49D02B6A1AF0025F009EB689 /* RandomPasswordTests */,
			);
		};
/* End PBXProject section */

/* Begin PBXResourcesBuildPhase section */
		49D02B591AF0025F009EB689 /* Resources */ = {
			isa = PBXResourcesBuildPhase;
			buildActionMask = 2147483647;
			files = (
				49D02B631AF0025F009EB689 /* Images.xcassets in Resources */,
				49D02B7E1AF003C2009EB689 /* MainWindowController.xib in Resources */,
				49D02B661AF0025F009EB689 /* MainMenu.xib in Resources */,
			);
			runOnlyForDeploymentPostprocessing = 0;
		};
		49D02B691AF0025F009EB689 /* Resources */ = {
			isa = PBXResourcesBuildPhase;
			buildActionMask = 2147483647;
			files = (
			);
			runOnlyForDeploymentPostprocessing = 0;
		};
/* End PBXResourcesBuildPhase section */

/* Begin PBXSourcesBuildPhase section */
		49D02B571AF0025F009EB689 /* Sources */ = {
			isa = PBXSourcesBuildPhase;
			buildActionMask = 2147483647;
			files = (
				49D02B7D1AF003C2009EB689 /* MainWindowController.swift in Sources */,
				49D67E361AF0A89800DAF559 /* GeneratePassword.swift in Sources */,
				49D02B611AF0025F009EB689 /* AppDelegate.swift in Sources */,
			);
			runOnlyForDeploymentPostprocessing = 0;
		};
		49D02B671AF0025F009EB689 /* Sources */ = {
			isa = PBXSourcesBuildPhase;
			buildActionMask = 2147483647;
			files = (
				49D02B721AF0025F009EB689 /* RandomPasswordTests.swift in Sources */,
			);
			runOnlyForDeploymentPostprocessing = 0;
		};
/* End PBXSourcesBuildPhase section */

/* Begin PBXTargetDependency section */
		49D02B6D1AF0025F009EB689 /* PBXTargetDependency */ = {
			isa = PBXTargetDependency;
			target = 49D02B5A1AF0025F009EB689 /* RandomPassword */;
			targetProxy = 49D02B6C1AF0025F009EB689 /* PBXContainerItemProxy */;
		};
/* End PBXTargetDependency section */

/* Begin PBXVariantGroup section */
		49D02B641AF0025F009EB689 /* MainMenu.xib */ = {
			isa = PBXVariantGroup;
			children = (
				49D02B651AF0025F009EB689 /* Base */,
			);
			name = MainMenu.xib;
			sourceTree = "<group>";
		};
/* End PBXVariantGroup section */

/* Begin XCBuildConfiguration section */
		49D02B731AF0025F009EB689 /* Debug */ = {
			isa = XCBuildConfiguration;
			buildSettings = {
				ALWAYS_SEARCH_USER_PATHS = NO;
				CLANG_CXX_LANGUAGE_STANDARD = "gnu++0x";
				CLANG_CXX_LIBRARY = "libc++";
				CLANG_ENABLE_MODULES = YES;
				CLANG_ENABLE_OBJC_ARC = YES;
				CLANG_WARN_BOOL_CONVERSION = YES;
				CLANG_WARN_CONSTANT_CONVERSION = YES;
				CLANG_WARN_DIRECT_OBJC_ISA_USAGE = YES_ERROR;
				CLANG_WARN_EMPTY_BODY = YES;
				CLANG_WARN_ENUM_CONVERSION = YES;
				CLANG_WARN_INT_CONVERSION = YES;
				CLANG_WARN_OBJC_ROOT_CLASS = YES_ERROR;
				CLANG_WARN_UNREACHABLE_CODE = YES;
				CLANG_WARN__DUPLICATE_METHOD_MATCH = YES;
				CODE_SIGN_IDENTITY = "-";
				COPY_PHASE_STRIP = NO;
				DEBUG_INFORMATION_FORMAT = dwarf;
				ENABLE_STRICT_OBJC_MSGSEND = YES;
				GCC_C_LANGUAGE_STANDARD = gnu99;
				GCC_DYNAMIC_NO_PIC = NO;
				GCC_NO_COMMON_BLOCKS = YES;
				GCC_OPTIMIZATION_LEVEL = 0;
				GCC_PREPROCESSOR_DEFINITIONS = (
					"DEBUG=1",
					"$(inherited)",
				);
				GCC_SYMBOLS_PRIVATE_EXTERN = NO;
				GCC_WARN_64_TO_32_BIT_CONVERSION = YES;
				GCC_WARN_ABOUT_RETURN_TYPE = YES_ERROR;
				GCC_WARN_UNDECLARED_SELECTOR = YES;
				GCC_WARN_UNINITIALIZED_AUTOS = YES_AGGRESSIVE;
				GCC_WARN_UNUSED_FUNCTION = YES;
				GCC_WARN_UNUSED_VARIABLE = YES;
				MACOSX_DEPLOYMENT_TARGET = 10.10;
				MTL_ENABLE_DEBUG_INFO = YES;
				ONLY_ACTIVE_ARCH = YES;
				SDKROOT = macosx;
				SWIFT_OPTIMIZATION_LEVEL = "-Onone";
			};
			name = Debug;
		};
		49D02B741AF0025F009EB689 /* Release */ = {
			isa = XCBuildConfiguration;
			buildSettings = {
				ALWAYS_SEARCH_USER_PATHS = NO;
				CLANG_CXX_LANGUAGE_STANDARD = "gnu++0x";
				CLANG_CXX_LIBRARY = "libc++";
				CLANG_ENABLE_MODULES = YES;
				CLANG_ENABLE_OBJC_ARC = YES;
				CLANG_WARN_BOOL_CONVERSION = YES;
				CLANG_WARN_CONSTANT_CONVERSION = YES;
				CLANG_WARN_DIRECT_OBJC_ISA_USAGE = YES_ERROR;
				CLANG_WARN_EMPTY_BODY = YES;
				CLANG_WARN_ENUM_CONVERSION = YES;
				CLANG_WARN_INT_CONVERSION = YES;
				CLANG_WARN_OBJC_ROOT_CLASS = YES_ERROR;
				CLANG_WARN_UNREACHABLE_CODE = YES;
				CLANG_WARN__DUPLICATE_METHOD_MATCH = YES;
				CODE_SIGN_IDENTITY = "-";
				COPY_PHASE_STRIP = NO;
				DEBUG_INFORMATION_FORMAT = "dwarf-with-dsym";
				ENABLE_NS_ASSERTIONS = NO;
				ENABLE_STRICT_OBJC_MSGSEND = YES;
				GCC_C_LANGUAGE_STANDARD = gnu99;
				GCC_NO_COMMON_BLOCKS = YES;
				GCC_WARN_64_TO_32_BIT_CONVERSION = YES;
				GCC_WARN_ABOUT_RETURN_TYPE = YES_ERROR;
				GCC_WARN_UNDECLARED_SELECTOR = YES;
				GCC_WARN_UNINITIALIZED_AUTOS = YES_AGGRESSIVE;
				GCC_WARN_UNUSED_FUNCTION = YES;
				GCC_WARN_UNUSED_VARIABLE = YES;
				MACOSX_DEPLOYMENT_TARGET = 10.10;
				MTL_ENABLE_DEBUG_INFO = NO;
				SDKROOT = macosx;
			};
			name = Release;
		};
		49D02B761AF0025F009EB689 /* Debug */ = {
			isa = XCBuildConfiguration;
			buildSettings = {
				ASSETCATALOG_COMPILER_APPICON_NAME = AppIcon;
				COMBINE_HIDPI_IMAGES = YES;
				INFOPLIST_FILE = RandomPassword/Info.plist;
				LD_RUNPATH_SEARCH_PATHS = "$(inherited) @executable_path/../Frameworks";
				PRODUCT_NAME = "$(TARGET_NAME)";
			};
			name = Debug;
		};
		49D02B771AF0025F009EB689 /* Release */ = {
			isa = XCBuildConfiguration;
			buildSettings = {
				ASSETCATALOG_COMPILER_APPICON_NAME = AppIcon;
				COMBINE_HIDPI_IMAGES = YES;
				INFOPLIST_FILE = RandomPassword/Info.plist;
				LD_RUNPATH_SEARCH_PATHS = "$(inherited) @executable_path/../Frameworks";
				PRODUCT_NAME = "$(TARGET_NAME)";
			};
			name = Release;
		};
		49D02B791AF0025F009EB689 /* Debug */ = {
			isa = XCBuildConfiguration;
			buildSettings = {
				BUNDLE_LOADER = "$(TEST_HOST)";
				COMBINE_HIDPI_IMAGES = YES;
				FRAMEWORK_SEARCH_PATHS = (
					"$(DEVELOPER_FRAMEWORKS_DIR)",
					"$(inherited)",
				);
				GCC_PREPROCESSOR_DEFINITIONS = (
					"DEBUG=1",
					"$(inherited)",
				);
				INFOPLIST_FILE = RandomPasswordTests/Info.plist;
				LD_RUNPATH_SEARCH_PATHS = "$(inherited) @executable_path/../Frameworks @loader_path/../Frameworks";
				PRODUCT_NAME = "$(TARGET_NAME)";
				TEST_HOST = "$(BUILT_PRODUCTS_DIR)/RandomPassword.app/Contents/MacOS/RandomPassword";
			};
			name = Debug;
		};
		49D02B7A1AF0025F009EB689 /* Release */ = {
			isa = XCBuildConfiguration;
			buildSettings = {
				BUNDLE_LOADER = "$(TEST_HOST)";
				COMBINE_HIDPI_IMAGES = YES;
				FRAMEWORK_SEARCH_PATHS = (
					"$(DEVELOPER_FRAMEWORKS_DIR)",
					"$(inherited)",
				);
				INFOPLIST_FILE = RandomPasswordTests/Info.plist;
				LD_RUNPATH_SEARCH_PATHS = "$(inherited) @executable_path/../Frameworks @loader_path/../Frameworks";
				PRODUCT_NAME = "$(TARGET_NAME)";
				TEST_HOST = "$(BUILT_PRODUCTS_DIR)/RandomPassword.app/Contents/MacOS/RandomPassword";
			};
			name = Release;
		};
/* End XCBuildConfiguration section */

/* Begin XCConfigurationList section */
		49D02B561AF0025F009EB689 /* Build configuration list for PBXProject "RandomPassword" */ = {
			isa = XCConfigurationList;
			buildConfigurations = (
				49D02B731AF0025F009EB689 /* Debug */,
				49D02B741AF0025F009EB689 /* Release */,
			);
			defaultConfigurationIsVisible = 0;
			defaultConfigurationName = Release;
		};
		49D02B751AF0025F009EB689 /* Build configuration list for PBXNativeTarget "RandomPassword" */ = {
			isa = XCConfigurationList;
			buildConfigurations = (
				49D02B761AF0025F009EB689 /* Debug */,
				49D02B771AF0025F009EB689 /* Release */,
			);
			defaultConfigurationIsVisible = 0;
			defaultConfigurationName = Release;
		};
		49D02B781AF0025F009EB689 /* Build configuration list for PBXNativeTarget "RandomPasswordTests" */ = {
			isa = XCConfigurationList;
			buildConfigurations = (
				49D02B791AF0025F009EB689 /* Debug */,
				49D02B7A1AF0025F009EB689 /* Release */,
			);
			defaultConfigurationIsVisible = 0;
			defaultConfigurationName = Release;
		};
/* End XCConfigurationList section */
	};
	rootObject = 49D02B531AF0025F009EB689 /* Project object */;
}
